// !$*UTF8*$!
{
	archiveVersion = 1;
	classes = {
	};
	objectVersion = 46;
	objects = {

/* Begin PBXBuildFile section */
		67599B901D50041500F651C6 /* AppDelegate.swift in Sources */ = {isa = PBXBuildFile; fileRef = 67599B8F1D50041500F651C6 /* AppDelegate.swift */; };
		67599B921D50041500F651C6 /* ViewController.swift in Sources */ = {isa = PBXBuildFile; fileRef = 67599B911D50041500F651C6 /* ViewController.swift */; };
		67599B951D50041500F651C6 /* Main.storyboard in Resources */ = {isa = PBXBuildFile; fileRef = 67599B931D50041500F651C6 /* Main.storyboard */; };
		67599B971D50041600F651C6 /* Assets.xcassets in Resources */ = {isa = PBXBuildFile; fileRef = 67599B961D50041600F651C6 /* Assets.xcassets */; };
		67599B9A1D50041600F651C6 /* LaunchScreen.storyboard in Resources */ = {isa = PBXBuildFile; fileRef = 67599B981D50041600F651C6 /* LaunchScreen.storyboard */; };
/* End PBXBuildFile section */

/* Begin PBXFileReference section */
		67599B8C1D50041500F651C6 /* auto-layout-excercise.app */ = {isa = PBXFileReference; explicitFileType = wrapper.application; includeInIndex = 0; path = "auto-layout-excercise.app"; sourceTree = BUILT_PRODUCTS_DIR; };
		67599B8F1D50041500F651C6 /* AppDelegate.swift */ = {isa = PBXFileReference; lastKnownFileType = sourcecode.swift; path = AppDelegate.swift; sourceTree = "<group>"; };
		67599B911D50041500F651C6 /* ViewController.swift */ = {isa = PBXFileReference; lastKnownFileType = sourcecode.swift; path = ViewController.swift; sourceTree = "<group>"; };
		67599B941D50041500F651C6 /* Base */ = {isa = PBXFileReference; lastKnownFileType = file.storyboard; name = Base; path = Base.lproj/Main.storyboard; sourceTree = "<group>"; };
		67599B961D50041600F651C6 /* Assets.xcassets */ = {isa = PBXFileReference; lastKnownFileType = folder.assetcatalog; path = Assets.xcassets; sourceTree = "<group>"; };
		67599B991D50041600F651C6 /* Base */ = {isa = PBXFileReference; lastKnownFileType = file.storyboard; name = Base; path = Base.lproj/LaunchScreen.storyboard; sourceTree = "<group>"; };
		67599B9B1D50041600F651C6 /* Info.plist */ = {isa = PBXFileReference; lastKnownFileType = text.plist.xml; path = Info.plist; sourceTree = "<group>"; };
/* End PBXFileReference section */

/* Begin PBXFrameworksBuildPhase section */
		67599B891D50041500F651C6 /* Frameworks */ = {
			isa = PBXFrameworksBuildPhase;
			buildActionMask = 2147483647;
			files = (
			);
			runOnlyForDeploymentPostprocessing = 0;
		};
/* End PBXFrameworksBuildPhase section */

/* Begin PBXGroup section */
		67599B831D50041500F651C6 = {
			isa = PBXGroup;
			children = (
				67599B8E1D50041500F651C6 /* auto-layout-excercise */,
				67599B8D1D50041500F651C6 /* Products */,
			);
			sourceTree = "<group>";
		};
		67599B8D1D50041500F651C6 /* Products */ = {
			isa = PBXGroup;
			children = (
				67599B8C1D50041500F651C6 /* auto-layout-excercise.app */,
			);
			name = Products;
			sourceTree = "<group>";
		};
		67599B8E1D50041500F651C6 /* auto-layout-excercise */ = {
			isa = PBXGroup;
			children = (
				67599B8F1D50041500F651C6 /* AppDelegate.swift */,
				67599B911D50041500F651C6 /* ViewController.swift */,
				67599B931D50041500F651C6 /* Main.storyboard */,
				67599B961D50041600F651C6 /* Assets.xcassets */,
				67599B981D50041600F651C6 /* LaunchScreen.storyboard */,
				67599B9B1D50041600F651C6 /* Info.plist */,
			);
			path = "auto-layout-excercise";
			sourceTree = "<group>";
		};
/* End PBXGroup section */

/* Begin PBXNativeTarget section */
		67599B8B1D50041500F651C6 /* auto-layout-excercise */ = {
			isa = PBXNativeTarget;
			buildConfigurationList = 67599B9E1D50041600F651C6 /* Build configuration list for PBXNativeTarget "auto-layout-excercise" */;
			buildPhases = (
				67599B881D50041500F651C6 /* Sources */,
				67599B891D50041500F651C6 /* Frameworks */,
				67599B8A1D50041500F651C6 /* Resources */,
			);
			buildRules = (
			);
			dependencies = (
			);
			name = "auto-layout-excercise";
			productName = "auto-layout-excercise";
			productReference = 67599B8C1D50041500F651C6 /* auto-layout-excercise.app */;
			productType = "com.apple.product-type.application";
		};
/* End PBXNativeTarget section */

/* Begin PBXProject section */
		67599B841D50041500F651C6 /* Project object */ = {
			isa = PBXProject;
			attributes = {
				LastSwiftUpdateCheck = 0730;
				LastUpgradeCheck = 0730;
				ORGANIZATIONNAME = "Solomon Chan";
				TargetAttributes = {
					67599B8B1D50041500F651C6 = {
						CreatedOnToolsVersion = 7.3.1;
					};
				};
			};
			buildConfigurationList = 67599B871D50041500F651C6 /* Build configuration list for PBXProject "auto-layout-excercise" */;
			compatibilityVersion = "Xcode 3.2";
			developmentRegion = English;
			hasScannedForEncodings = 0;
			knownRegions = (
				en,
				Base,
			);
			mainGroup = 67599B831D50041500F651C6;
			productRefGroup = 67599B8D1D50041500F651C6 /* Products */;
			projectDirPath = "";
			projectRoot = "";
			targets = (
				67599B8B1D50041500F651C6 /* auto-layout-excercise */,
			);
		};
/* End PBXProject section */

/* Begin PBXResourcesBuildPhase section */
		67599B8A1D50041500F651C6 /* Resources */ = {
			isa = PBXResourcesBuildPhase;
			buildActionMask = 2147483647;
			files = (
				67599B9A1D50041600F651C6 /* LaunchScreen.storyboard in Resources */,
				67599B971D50041600F651C6 /* Assets.xcassets in Resources */,
				67599B951D50041500F651C6 /* Main.storyboard in Resources */,
			);
			runOnlyForDeploymentPostprocessing = 0;
		};
/* End PBXResourcesBuildPhase section */

/* Begin PBXSourcesBuildPhase section */
		67599B881D50041500F651C6 /* Sources */ = {
			isa = PBXSourcesBuildPhase;
			buildActionMask = 2147483647;
			files = (
				67599B921D50041500F651C6 /* ViewController.swift in Sources */,
				67599B901D50041500F651C6 /* AppDelegate.swift in Sources */,
			);
			runOnlyForDeploymentPostprocessing = 0;
		};
/* End PBXSourcesBuildPhase section */

/* Begin PBXVariantGroup section */
		67599B931D50041500F651C6 /* Main.storyboard */ = {
			isa = PBXVariantGroup;
			children = (
				67599B941D50041500F651C6 /* Base */,
			);
			name = Main.storyboard;
			sourceTree = "<group>";
		};
		67599B981D50041600F651C6 /* LaunchScreen.storyboard */ = {
			isa = PBXVariantGroup;
			children = (
				67599B991D50041600F651C6 /* Base */,
			);
			name = LaunchScreen.storyboard;
			sourceTree = "<group>";
		};
/* End PBXVariantGroup section */

/* Begin XCBuildConfiguration section */
		67599B9C1D50041600F651C6 /* Debug */ = {
			isa = XCBuildConfiguration;
			buildSettings = {
				ALWAYS_SEARCH_USER_PATHS = NO;
				CLANG_ANALYZER_NONNULL = YES;
				CLANG_CXX_LANGUAGE_STANDARD = "gnu++0x";
				CLANG_CXX_LIBRARY = "libc++";
				CLANG_ENABLE_MODULES = YES;
				CLANG_ENABLE_OBJC_ARC = YES;
				CLANG_WARN_BOOL_CONVERSION = YES;
				CLANG_WARN_CONSTANT_CONVERSION = YES;
				CLANG_WARN_DIRECT_OBJC_ISA_USAGE = YES_ERROR;
				CLANG_WARN_EMPTY_BODY = YES;
				CLANG_WARN_ENUM_CONVERSION = YES;
				CLANG_WARN_INT_CONVERSION = YES;
				CLANG_WARN_OBJC_ROOT_CLASS = YES_ERROR;
				CLANG_WARN_UNREACHABLE_CODE = YES;
				CLANG_WARN__DUPLICATE_METHOD_MATCH = YES;
				"CODE_SIGN_IDENTITY[sdk=iphoneos*]" = "iPhone Developer";
				COPY_PHASE_STRIP = NO;
				DEBUG_INFORMATION_FORMAT = dwarf;
				ENABLE_STRICT_OBJC_MSGSEND = YES;
				ENABLE_TESTABILITY = YES;
				GCC_C_LANGUAGE_STANDARD = gnu99;
				GCC_DYNAMIC_NO_PIC = NO;
				GCC_NO_COMMON_BLOCKS = YES;
				GCC_OPTIMIZATION_LEVEL = 0;
				GCC_PREPROCESSOR_DEFINITIONS = (
					"DEBUG=1",
					"$(inherited)",
				);
				GCC_WARN_64_TO_32_BIT_CONVERSION = YES;
				GCC_WARN_ABOUT_RETURN_TYPE = YES_ERROR;
				GCC_WARN_UNDECLARED_SELECTOR = YES;
				GCC_WARN_UNINITIALIZED_AUTOS = YES_AGGRESSIVE;
				GCC_WARN_UNUSED_FUNCTION = YES;
				GCC_WARN_UNUSED_VARIABLE = YES;
				IPHONEOS_DEPLOYMENT_TARGET = 9.3;
				MTL_ENABLE_DEBUG_INFO = YES;
				ONLY_ACTIVE_ARCH = YES;
				SDKROOT = iphoneos;
				SWIFT_OPTIMIZATION_LEVEL = "-Onone";
			};
			name = Debug;
		};
		67599B9D1D50041600F651C6 /* Release */ = {
			isa = XCBuildConfiguration;
			buildSettings = {
				ALWAYS_SEARCH_USER_PATHS = NO;
				CLANG_ANALYZER_NONNULL = YES;
				CLANG_CXX_LANGUAGE_STANDARD = "gnu++0x";
				CLANG_CXX_LIBRARY = "libc++";
				CLANG_ENABLE_MODULES = YES;
				CLANG_ENABLE_OBJC_ARC = YES;
				CLANG_WARN_BOOL_CONVERSION = YES;
				CLANG_WARN_CONSTANT_CONVERSION = YES;
				CLANG_WARN_DIRECT_OBJC_ISA_USAGE = YES_ERROR;
				CLANG_WARN_EMPTY_BODY = YES;
				CLANG_WARN_ENUM_CONVERSION = YES;
				CLANG_WARN_INT_CONVERSION = YES;
				CLANG_WARN_OBJC_ROOT_CLASS = YES_ERROR;
				CLANG_WARN_UNREACHABLE_CODE = YES;
				CLANG_WARN__DUPLICATE_METHOD_MATCH = YES;
				"CODE_SIGN_IDENTITY[sdk=iphoneos*]" = "iPhone Developer";
				COPY_PHASE_STRIP = NO;
				DEBUG_INFORMATION_FORMAT = "dwarf-with-dsym";
				ENABLE_NS_ASSERTIONS = NO;
				ENABLE_STRICT_OBJC_MSGSEND = YES;
				GCC_C_LANGUAGE_STANDARD = gnu99;
				GCC_NO_COMMON_BLOCKS = YES;
				GCC_WARN_64_TO_32_BIT_CONVERSION = YES;
				GCC_WARN_ABOUT_RETURN_TYPE = YES_ERROR;
				GCC_WARN_UNDECLARED_SELECTOR = YES;
				GCC_WARN_UNINITIALIZED_AUTOS = YES_AGGRESSIVE;
				GCC_WARN_UNUSED_FUNCTION = YES;
				GCC_WARN_UNUSED_VARIABLE = YES;
				IPHONEOS_DEPLOYMENT_TARGET = 9.3;
				MTL_ENABLE_DEBUG_INFO = NO;
				SDKROOT = iphoneos;
				VALIDATE_PRODUCT = YES;
			};
			name = Release;
		};
		67599B9F1D50041600F651C6 /* Debug */ = {
			isa = XCBuildConfiguration;
			buildSettings = {
				ASSETCATALOG_COMPILER_APPICON_NAME = AppIcon;
				INFOPLIST_FILE = "auto-layout-excercise/Info.plist";
				LD_RUNPATH_SEARCH_PATHS = "$(inherited) @executable_path/Frameworks";
				PRODUCT_BUNDLE_IDENTIFIER = "com.auto-layout-excercise";
				PRODUCT_NAME = "$(TARGET_NAME)";
			};
			name = Debug;
		};
		67599BA01D50041600F651C6 /* Release */ = {
			isa = XCBuildConfiguration;
			buildSettings = {
				ASSETCATALOG_COMPILER_APPICON_NAME = AppIcon;
				INFOPLIST_FILE = "auto-layout-excercise/Info.plist";
				LD_RUNPATH_SEARCH_PATHS = "$(inherited) @executable_path/Frameworks";
				PRODUCT_BUNDLE_IDENTIFIER = "com.auto-layout-excercise";
				PRODUCT_NAME = "$(TARGET_NAME)";
			};
			name = Release;
		};
/* End XCBuildConfiguration section */

/* Begin XCConfigurationList section */
		67599B871D50041500F651C6 /* Build configuration list for PBXProject "auto-layout-excercise" */ = {
			isa = XCConfigurationList;
			buildConfigurations = (
				67599B9C1D50041600F651C6 /* Debug */,
				67599B9D1D50041600F651C6 /* Release */,
			);
			defaultConfigurationIsVisible = 0;
			defaultConfigurationName = Release;
		};
		67599B9E1D50041600F651C6 /* Build configuration list for PBXNativeTarget "auto-layout-excercise" */ = {
			isa = XCConfigurationList;
			buildConfigurations = (
				67599B9F1D50041600F651C6 /* Debug */,
				67599BA01D50041600F651C6 /* Release */,
			);
			defaultConfigurationIsVisible = 0;
		};
/* End XCConfigurationList section */
	};
	rootObject = 67599B841D50041500F651C6 /* Project object */;
}
