// !$*UTF8*$!
{
	archiveVersion = 1;
	classes = {
	};
	objectVersion = 46;
	objects = {

/* Begin PBXBuildFile section */
		67A651211D639438003CC7F0 /* AppDelegate.swift in Sources */ = {isa = PBXBuildFile; fileRef = 67A651201D639438003CC7F0 /* AppDelegate.swift */; };
		67A651231D639438003CC7F0 /* ViewController.swift in Sources */ = {isa = PBXBuildFile; fileRef = 67A651221D639438003CC7F0 /* ViewController.swift */; };
		67A651261D639438003CC7F0 /* Main.storyboard in Resources */ = {isa = PBXBuildFile; fileRef = 67A651241D639438003CC7F0 /* Main.storyboard */; };
		67A651281D639438003CC7F0 /* Assets.xcassets in Resources */ = {isa = PBXBuildFile; fileRef = 67A651271D639438003CC7F0 /* Assets.xcassets */; };
		67A6512B1D639438003CC7F0 /* LaunchScreen.storyboard in Resources */ = {isa = PBXBuildFile; fileRef = 67A651291D639438003CC7F0 /* LaunchScreen.storyboard */; };
/* End PBXBuildFile section */

/* Begin PBXFileReference section */
		67A6511D1D639438003CC7F0 /* finalTest.app */ = {isa = PBXFileReference; explicitFileType = wrapper.application; includeInIndex = 0; path = finalTest.app; sourceTree = BUILT_PRODUCTS_DIR; };
		67A651201D639438003CC7F0 /* AppDelegate.swift */ = {isa = PBXFileReference; lastKnownFileType = sourcecode.swift; path = AppDelegate.swift; sourceTree = "<group>"; };
		67A651221D639438003CC7F0 /* ViewController.swift */ = {isa = PBXFileReference; lastKnownFileType = sourcecode.swift; path = ViewController.swift; sourceTree = "<group>"; };
		67A651251D639438003CC7F0 /* Base */ = {isa = PBXFileReference; lastKnownFileType = file.storyboard; name = Base; path = Base.lproj/Main.storyboard; sourceTree = "<group>"; };
		67A651271D639438003CC7F0 /* Assets.xcassets */ = {isa = PBXFileReference; lastKnownFileType = folder.assetcatalog; path = Assets.xcassets; sourceTree = "<group>"; };
		67A6512A1D639438003CC7F0 /* Base */ = {isa = PBXFileReference; lastKnownFileType = file.storyboard; name = Base; path = Base.lproj/LaunchScreen.storyboard; sourceTree = "<group>"; };
		67A6512C1D639438003CC7F0 /* Info.plist */ = {isa = PBXFileReference; lastKnownFileType = text.plist.xml; path = Info.plist; sourceTree = "<group>"; };
/* End PBXFileReference section */

/* Begin PBXFrameworksBuildPhase section */
		67A6511A1D639438003CC7F0 /* Frameworks */ = {
			isa = PBXFrameworksBuildPhase;
			buildActionMask = 2147483647;
			files = (
			);
			runOnlyForDeploymentPostprocessing = 0;
		};
/* End PBXFrameworksBuildPhase section */

/* Begin PBXGroup section */
		67A651141D639438003CC7F0 = {
			isa = PBXGroup;
			children = (
				67A6511F1D639438003CC7F0 /* finalTest */,
				67A6511E1D639438003CC7F0 /* Products */,
			);
			sourceTree = "<group>";
		};
		67A6511E1D639438003CC7F0 /* Products */ = {
			isa = PBXGroup;
			children = (
				67A6511D1D639438003CC7F0 /* finalTest.app */,
			);
			name = Products;
			sourceTree = "<group>";
		};
		67A6511F1D639438003CC7F0 /* finalTest */ = {
			isa = PBXGroup;
			children = (
				67A651201D639438003CC7F0 /* AppDelegate.swift */,
				67A651221D639438003CC7F0 /* ViewController.swift */,
				67A651241D639438003CC7F0 /* Main.storyboard */,
				67A651271D639438003CC7F0 /* Assets.xcassets */,
				67A651291D639438003CC7F0 /* LaunchScreen.storyboard */,
				67A6512C1D639438003CC7F0 /* Info.plist */,
			);
			path = finalTest;
			sourceTree = "<group>";
		};
/* End PBXGroup section */

/* Begin PBXNativeTarget section */
		67A6511C1D639438003CC7F0 /* finalTest */ = {
			isa = PBXNativeTarget;
			buildConfigurationList = 67A6512F1D639438003CC7F0 /* Build configuration list for PBXNativeTarget "finalTest" */;
			buildPhases = (
				67A651191D639438003CC7F0 /* Sources */,
				67A6511A1D639438003CC7F0 /* Frameworks */,
				67A6511B1D639438003CC7F0 /* Resources */,
			);
			buildRules = (
			);
			dependencies = (
			);
			name = finalTest;
			productName = finalTest;
			productReference = 67A6511D1D639438003CC7F0 /* finalTest.app */;
			productType = "com.apple.product-type.application";
		};
/* End PBXNativeTarget section */

/* Begin PBXProject section */
		67A651151D639438003CC7F0 /* Project object */ = {
			isa = PBXProject;
			attributes = {
				LastSwiftUpdateCheck = 0730;
				LastUpgradeCheck = 0730;
				ORGANIZATIONNAME = "Solomon Chan";
				TargetAttributes = {
					67A6511C1D639438003CC7F0 = {
						CreatedOnToolsVersion = 7.3.1;
					};
				};
			};
			buildConfigurationList = 67A651181D639438003CC7F0 /* Build configuration list for PBXProject "finalTest" */;
			compatibilityVersion = "Xcode 3.2";
			developmentRegion = English;
			hasScannedForEncodings = 0;
			knownRegions = (
				en,
				Base,
			);
			mainGroup = 67A651141D639438003CC7F0;
			productRefGroup = 67A6511E1D639438003CC7F0 /* Products */;
			projectDirPath = "";
			projectRoot = "";
			targets = (
				67A6511C1D639438003CC7F0 /* finalTest */,
			);
		};
/* End PBXProject section */

/* Begin PBXResourcesBuildPhase section */
		67A6511B1D639438003CC7F0 /* Resources */ = {
			isa = PBXResourcesBuildPhase;
			buildActionMask = 2147483647;
			files = (
				67A6512B1D639438003CC7F0 /* LaunchScreen.storyboard in Resources */,
				67A651281D639438003CC7F0 /* Assets.xcassets in Resources */,
				67A651261D639438003CC7F0 /* Main.storyboard in Resources */,
			);
			runOnlyForDeploymentPostprocessing = 0;
		};
/* End PBXResourcesBuildPhase section */

/* Begin PBXSourcesBuildPhase section */
		67A651191D639438003CC7F0 /* Sources */ = {
			isa = PBXSourcesBuildPhase;
			buildActionMask = 2147483647;
			files = (
				67A651231D639438003CC7F0 /* ViewController.swift in Sources */,
				67A651211D639438003CC7F0 /* AppDelegate.swift in Sources */,
			);
			runOnlyForDeploymentPostprocessing = 0;
		};
/* End PBXSourcesBuildPhase section */

/* Begin PBXVariantGroup section */
		67A651241D639438003CC7F0 /* Main.storyboard */ = {
			isa = PBXVariantGroup;
			children = (
				67A651251D639438003CC7F0 /* Base */,
			);
			name = Main.storyboard;
			sourceTree = "<group>";
		};
		67A651291D639438003CC7F0 /* LaunchScreen.storyboard */ = {
			isa = PBXVariantGroup;
			children = (
				67A6512A1D639438003CC7F0 /* Base */,
			);
			name = LaunchScreen.storyboard;
			sourceTree = "<group>";
		};
/* End PBXVariantGroup section */

/* Begin XCBuildConfiguration section */
		67A6512D1D639438003CC7F0 /* Debug */ = {
			isa = XCBuildConfiguration;
			buildSettings = {
				ALWAYS_SEARCH_USER_PATHS = NO;
				CLANG_ANALYZER_NONNULL = YES;
				CLANG_CXX_LANGUAGE_STANDARD = "gnu++0x";
				CLANG_CXX_LIBRARY = "libc++";
				CLANG_ENABLE_MODULES = YES;
				CLANG_ENABLE_OBJC_ARC = YES;
				CLANG_WARN_BOOL_CONVERSION = YES;
				CLANG_WARN_CONSTANT_CONVERSION = YES;
				CLANG_WARN_DIRECT_OBJC_ISA_USAGE = YES_ERROR;
				CLANG_WARN_EMPTY_BODY = YES;
				CLANG_WARN_ENUM_CONVERSION = YES;
				CLANG_WARN_INT_CONVERSION = YES;
				CLANG_WARN_OBJC_ROOT_CLASS = YES_ERROR;
				CLANG_WARN_UNREACHABLE_CODE = YES;
				CLANG_WARN__DUPLICATE_METHOD_MATCH = YES;
				"CODE_SIGN_IDENTITY[sdk=iphoneos*]" = "iPhone Developer";
				COPY_PHASE_STRIP = NO;
				DEBUG_INFORMATION_FORMAT = dwarf;
				ENABLE_STRICT_OBJC_MSGSEND = YES;
				ENABLE_TESTABILITY = YES;
				GCC_C_LANGUAGE_STANDARD = gnu99;
				GCC_DYNAMIC_NO_PIC = NO;
				GCC_NO_COMMON_BLOCKS = YES;
				GCC_OPTIMIZATION_LEVEL = 0;
				GCC_PREPROCESSOR_DEFINITIONS = (
					"DEBUG=1",
					"$(inherited)",
				);
				GCC_WARN_64_TO_32_BIT_CONVERSION = YES;
				GCC_WARN_ABOUT_RETURN_TYPE = YES_ERROR;
				GCC_WARN_UNDECLARED_SELECTOR = YES;
				GCC_WARN_UNINITIALIZED_AUTOS = YES_AGGRESSIVE;
				GCC_WARN_UNUSED_FUNCTION = YES;
				GCC_WARN_UNUSED_VARIABLE = YES;
				IPHONEOS_DEPLOYMENT_TARGET = 9.3;
				MTL_ENABLE_DEBUG_INFO = YES;
				ONLY_ACTIVE_ARCH = YES;
				SDKROOT = iphoneos;
				SWIFT_OPTIMIZATION_LEVEL = "-Onone";
			};
			name = Debug;
		};
		67A6512E1D639438003CC7F0 /* Release */ = {
			isa = XCBuildConfiguration;
			buildSettings = {
				ALWAYS_SEARCH_USER_PATHS = NO;
				CLANG_ANALYZER_NONNULL = YES;
				CLANG_CXX_LANGUAGE_STANDARD = "gnu++0x";
				CLANG_CXX_LIBRARY = "libc++";
				CLANG_ENABLE_MODULES = YES;
				CLANG_ENABLE_OBJC_ARC = YES;
				CLANG_WARN_BOOL_CONVERSION = YES;
				CLANG_WARN_CONSTANT_CONVERSION = YES;
				CLANG_WARN_DIRECT_OBJC_ISA_USAGE = YES_ERROR;
				CLANG_WARN_EMPTY_BODY = YES;
				CLANG_WARN_ENUM_CONVERSION = YES;
				CLANG_WARN_INT_CONVERSION = YES;
				CLANG_WARN_OBJC_ROOT_CLASS = YES_ERROR;
				CLANG_WARN_UNREACHABLE_CODE = YES;
				CLANG_WARN__DUPLICATE_METHOD_MATCH = YES;
				"CODE_SIGN_IDENTITY[sdk=iphoneos*]" = "iPhone Developer";
				COPY_PHASE_STRIP = NO;
				DEBUG_INFORMATION_FORMAT = "dwarf-with-dsym";
				ENABLE_NS_ASSERTIONS = NO;
				ENABLE_STRICT_OBJC_MSGSEND = YES;
				GCC_C_LANGUAGE_STANDARD = gnu99;
				GCC_NO_COMMON_BLOCKS = YES;
				GCC_WARN_64_TO_32_BIT_CONVERSION = YES;
				GCC_WARN_ABOUT_RETURN_TYPE = YES_ERROR;
				GCC_WARN_UNDECLARED_SELECTOR = YES;
				GCC_WARN_UNINITIALIZED_AUTOS = YES_AGGRESSIVE;
				GCC_WARN_UNUSED_FUNCTION = YES;
				GCC_WARN_UNUSED_VARIABLE = YES;
				IPHONEOS_DEPLOYMENT_TARGET = 9.3;
				MTL_ENABLE_DEBUG_INFO = NO;
				SDKROOT = iphoneos;
				VALIDATE_PRODUCT = YES;
			};
			name = Release;
		};
		67A651301D639438003CC7F0 /* Debug */ = {
			isa = XCBuildConfiguration;
			buildSettings = {
				ASSETCATALOG_COMPILER_APPICON_NAME = AppIcon;
				INFOPLIST_FILE = finalTest/Info.plist;
				LD_RUNPATH_SEARCH_PATHS = "$(inherited) @executable_path/Frameworks";
				PRODUCT_BUNDLE_IDENTIFIER = com.finalTest;
				PRODUCT_NAME = "$(TARGET_NAME)";
			};
			name = Debug;
		};
		67A651311D639438003CC7F0 /* Release */ = {
			isa = XCBuildConfiguration;
			buildSettings = {
				ASSETCATALOG_COMPILER_APPICON_NAME = AppIcon;
				INFOPLIST_FILE = finalTest/Info.plist;
				LD_RUNPATH_SEARCH_PATHS = "$(inherited) @executable_path/Frameworks";
				PRODUCT_BUNDLE_IDENTIFIER = com.finalTest;
				PRODUCT_NAME = "$(TARGET_NAME)";
			};
			name = Release;
		};
/* End XCBuildConfiguration section */

/* Begin XCConfigurationList section */
		67A651181D639438003CC7F0 /* Build configuration list for PBXProject "finalTest" */ = {
			isa = XCConfigurationList;
			buildConfigurations = (
				67A6512D1D639438003CC7F0 /* Debug */,
				67A6512E1D639438003CC7F0 /* Release */,
			);
			defaultConfigurationIsVisible = 0;
			defaultConfigurationName = Release;
		};
		67A6512F1D639438003CC7F0 /* Build configuration list for PBXNativeTarget "finalTest" */ = {
			isa = XCConfigurationList;
			buildConfigurations = (
				67A651301D639438003CC7F0 /* Debug */,
				67A651311D639438003CC7F0 /* Release */,
			);
			defaultConfigurationIsVisible = 0;
		};
/* End XCConfigurationList section */
	};
	rootObject = 67A651151D639438003CC7F0 /* Project object */;
}
