// !$*UTF8*$!
{
	archiveVersion = 1;
	classes = {
	};
	objectVersion = 46;
	objects = {

/* Begin PBXBuildFile section */
		6701833A1D4C31E6009AF880 /* AppDelegate.swift in Sources */ = {isa = PBXBuildFile; fileRef = 670183391D4C31E6009AF880 /* AppDelegate.swift */; };
		6701833C1D4C31E6009AF880 /* ViewController.swift in Sources */ = {isa = PBXBuildFile; fileRef = 6701833B1D4C31E6009AF880 /* ViewController.swift */; };
		6701833F1D4C31E6009AF880 /* Main.storyboard in Resources */ = {isa = PBXBuildFile; fileRef = 6701833D1D4C31E6009AF880 /* Main.storyboard */; };
		670183411D4C31E6009AF880 /* Assets.xcassets in Resources */ = {isa = PBXBuildFile; fileRef = 670183401D4C31E6009AF880 /* Assets.xcassets */; };
		670183441D4C31E6009AF880 /* LaunchScreen.storyboard in Resources */ = {isa = PBXBuildFile; fileRef = 670183421D4C31E6009AF880 /* LaunchScreen.storyboard */; };
/* End PBXBuildFile section */

/* Begin PBXFileReference section */
		670183361D4C31E6009AF880 /* auto-layout-constraints.app */ = {isa = PBXFileReference; explicitFileType = wrapper.application; includeInIndex = 0; path = "auto-layout-constraints.app"; sourceTree = BUILT_PRODUCTS_DIR; };
		670183391D4C31E6009AF880 /* AppDelegate.swift */ = {isa = PBXFileReference; lastKnownFileType = sourcecode.swift; path = AppDelegate.swift; sourceTree = "<group>"; };
		6701833B1D4C31E6009AF880 /* ViewController.swift */ = {isa = PBXFileReference; lastKnownFileType = sourcecode.swift; path = ViewController.swift; sourceTree = "<group>"; };
		6701833E1D4C31E6009AF880 /* Base */ = {isa = PBXFileReference; lastKnownFileType = file.storyboard; name = Base; path = Base.lproj/Main.storyboard; sourceTree = "<group>"; };
		670183401D4C31E6009AF880 /* Assets.xcassets */ = {isa = PBXFileReference; lastKnownFileType = folder.assetcatalog; path = Assets.xcassets; sourceTree = "<group>"; };
		670183431D4C31E6009AF880 /* Base */ = {isa = PBXFileReference; lastKnownFileType = file.storyboard; name = Base; path = Base.lproj/LaunchScreen.storyboard; sourceTree = "<group>"; };
		670183451D4C31E6009AF880 /* Info.plist */ = {isa = PBXFileReference; lastKnownFileType = text.plist.xml; path = Info.plist; sourceTree = "<group>"; };
/* End PBXFileReference section */

/* Begin PBXFrameworksBuildPhase section */
		670183331D4C31E6009AF880 /* Frameworks */ = {
			isa = PBXFrameworksBuildPhase;
			buildActionMask = 2147483647;
			files = (
			);
			runOnlyForDeploymentPostprocessing = 0;
		};
/* End PBXFrameworksBuildPhase section */

/* Begin PBXGroup section */
		6701832D1D4C31E6009AF880 = {
			isa = PBXGroup;
			children = (
				670183381D4C31E6009AF880 /* auto-layout-constraints */,
				670183371D4C31E6009AF880 /* Products */,
			);
			sourceTree = "<group>";
		};
		670183371D4C31E6009AF880 /* Products */ = {
			isa = PBXGroup;
			children = (
				670183361D4C31E6009AF880 /* auto-layout-constraints.app */,
			);
			name = Products;
			sourceTree = "<group>";
		};
		670183381D4C31E6009AF880 /* auto-layout-constraints */ = {
			isa = PBXGroup;
			children = (
				670183391D4C31E6009AF880 /* AppDelegate.swift */,
				6701833B1D4C31E6009AF880 /* ViewController.swift */,
				6701833D1D4C31E6009AF880 /* Main.storyboard */,
				670183401D4C31E6009AF880 /* Assets.xcassets */,
				670183421D4C31E6009AF880 /* LaunchScreen.storyboard */,
				670183451D4C31E6009AF880 /* Info.plist */,
			);
			path = "auto-layout-constraints";
			sourceTree = "<group>";
		};
/* End PBXGroup section */

/* Begin PBXNativeTarget section */
		670183351D4C31E6009AF880 /* auto-layout-constraints */ = {
			isa = PBXNativeTarget;
			buildConfigurationList = 670183481D4C31E6009AF880 /* Build configuration list for PBXNativeTarget "auto-layout-constraints" */;
			buildPhases = (
				670183321D4C31E6009AF880 /* Sources */,
				670183331D4C31E6009AF880 /* Frameworks */,
				670183341D4C31E6009AF880 /* Resources */,
			);
			buildRules = (
			);
			dependencies = (
			);
			name = "auto-layout-constraints";
			productName = "auto-layout-constraints";
			productReference = 670183361D4C31E6009AF880 /* auto-layout-constraints.app */;
			productType = "com.apple.product-type.application";
		};
/* End PBXNativeTarget section */

/* Begin PBXProject section */
		6701832E1D4C31E6009AF880 /* Project object */ = {
			isa = PBXProject;
			attributes = {
				LastSwiftUpdateCheck = 0730;
				LastUpgradeCheck = 0730;
				ORGANIZATIONNAME = "Solomon Chan";
				TargetAttributes = {
					670183351D4C31E6009AF880 = {
						CreatedOnToolsVersion = 7.3.1;
					};
				};
			};
			buildConfigurationList = 670183311D4C31E6009AF880 /* Build configuration list for PBXProject "auto-layout-constraints" */;
			compatibilityVersion = "Xcode 3.2";
			developmentRegion = English;
			hasScannedForEncodings = 0;
			knownRegions = (
				en,
				Base,
			);
			mainGroup = 6701832D1D4C31E6009AF880;
			productRefGroup = 670183371D4C31E6009AF880 /* Products */;
			projectDirPath = "";
			projectRoot = "";
			targets = (
				670183351D4C31E6009AF880 /* auto-layout-constraints */,
			);
		};
/* End PBXProject section */

/* Begin PBXResourcesBuildPhase section */
		670183341D4C31E6009AF880 /* Resources */ = {
			isa = PBXResourcesBuildPhase;
			buildActionMask = 2147483647;
			files = (
				670183441D4C31E6009AF880 /* LaunchScreen.storyboard in Resources */,
				670183411D4C31E6009AF880 /* Assets.xcassets in Resources */,
				6701833F1D4C31E6009AF880 /* Main.storyboard in Resources */,
			);
			runOnlyForDeploymentPostprocessing = 0;
		};
/* End PBXResourcesBuildPhase section */

/* Begin PBXSourcesBuildPhase section */
		670183321D4C31E6009AF880 /* Sources */ = {
			isa = PBXSourcesBuildPhase;
			buildActionMask = 2147483647;
			files = (
				6701833C1D4C31E6009AF880 /* ViewController.swift in Sources */,
				6701833A1D4C31E6009AF880 /* AppDelegate.swift in Sources */,
			);
			runOnlyForDeploymentPostprocessing = 0;
		};
/* End PBXSourcesBuildPhase section */

/* Begin PBXVariantGroup section */
		6701833D1D4C31E6009AF880 /* Main.storyboard */ = {
			isa = PBXVariantGroup;
			children = (
				6701833E1D4C31E6009AF880 /* Base */,
			);
			name = Main.storyboard;
			sourceTree = "<group>";
		};
		670183421D4C31E6009AF880 /* LaunchScreen.storyboard */ = {
			isa = PBXVariantGroup;
			children = (
				670183431D4C31E6009AF880 /* Base */,
			);
			name = LaunchScreen.storyboard;
			sourceTree = "<group>";
		};
/* End PBXVariantGroup section */

/* Begin XCBuildConfiguration section */
		670183461D4C31E6009AF880 /* Debug */ = {
			isa = XCBuildConfiguration;
			buildSettings = {
				ALWAYS_SEARCH_USER_PATHS = NO;
				CLANG_ANALYZER_NONNULL = YES;
				CLANG_CXX_LANGUAGE_STANDARD = "gnu++0x";
				CLANG_CXX_LIBRARY = "libc++";
				CLANG_ENABLE_MODULES = YES;
				CLANG_ENABLE_OBJC_ARC = YES;
				CLANG_WARN_BOOL_CONVERSION = YES;
				CLANG_WARN_CONSTANT_CONVERSION = YES;
				CLANG_WARN_DIRECT_OBJC_ISA_USAGE = YES_ERROR;
				CLANG_WARN_EMPTY_BODY = YES;
				CLANG_WARN_ENUM_CONVERSION = YES;
				CLANG_WARN_INT_CONVERSION = YES;
				CLANG_WARN_OBJC_ROOT_CLASS = YES_ERROR;
				CLANG_WARN_UNREACHABLE_CODE = YES;
				CLANG_WARN__DUPLICATE_METHOD_MATCH = YES;
				"CODE_SIGN_IDENTITY[sdk=iphoneos*]" = "iPhone Developer";
				COPY_PHASE_STRIP = NO;
				DEBUG_INFORMATION_FORMAT = dwarf;
				ENABLE_STRICT_OBJC_MSGSEND = YES;
				ENABLE_TESTABILITY = YES;
				GCC_C_LANGUAGE_STANDARD = gnu99;
				GCC_DYNAMIC_NO_PIC = NO;
				GCC_NO_COMMON_BLOCKS = YES;
				GCC_OPTIMIZATION_LEVEL = 0;
				GCC_PREPROCESSOR_DEFINITIONS = (
					"DEBUG=1",
					"$(inherited)",
				);
				GCC_WARN_64_TO_32_BIT_CONVERSION = YES;
				GCC_WARN_ABOUT_RETURN_TYPE = YES_ERROR;
				GCC_WARN_UNDECLARED_SELECTOR = YES;
				GCC_WARN_UNINITIALIZED_AUTOS = YES_AGGRESSIVE;
				GCC_WARN_UNUSED_FUNCTION = YES;
				GCC_WARN_UNUSED_VARIABLE = YES;
				IPHONEOS_DEPLOYMENT_TARGET = 9.3;
				MTL_ENABLE_DEBUG_INFO = YES;
				ONLY_ACTIVE_ARCH = YES;
				SDKROOT = iphoneos;
				SWIFT_OPTIMIZATION_LEVEL = "-Onone";
			};
			name = Debug;
		};
		670183471D4C31E6009AF880 /* Release */ = {
			isa = XCBuildConfiguration;
			buildSettings = {
				ALWAYS_SEARCH_USER_PATHS = NO;
				CLANG_ANALYZER_NONNULL = YES;
				CLANG_CXX_LANGUAGE_STANDARD = "gnu++0x";
				CLANG_CXX_LIBRARY = "libc++";
				CLANG_ENABLE_MODULES = YES;
				CLANG_ENABLE_OBJC_ARC = YES;
				CLANG_WARN_BOOL_CONVERSION = YES;
				CLANG_WARN_CONSTANT_CONVERSION = YES;
				CLANG_WARN_DIRECT_OBJC_ISA_USAGE = YES_ERROR;
				CLANG_WARN_EMPTY_BODY = YES;
				CLANG_WARN_ENUM_CONVERSION = YES;
				CLANG_WARN_INT_CONVERSION = YES;
				CLANG_WARN_OBJC_ROOT_CLASS = YES_ERROR;
				CLANG_WARN_UNREACHABLE_CODE = YES;
				CLANG_WARN__DUPLICATE_METHOD_MATCH = YES;
				"CODE_SIGN_IDENTITY[sdk=iphoneos*]" = "iPhone Developer";
				COPY_PHASE_STRIP = NO;
				DEBUG_INFORMATION_FORMAT = "dwarf-with-dsym";
				ENABLE_NS_ASSERTIONS = NO;
				ENABLE_STRICT_OBJC_MSGSEND = YES;
				GCC_C_LANGUAGE_STANDARD = gnu99;
				GCC_NO_COMMON_BLOCKS = YES;
				GCC_WARN_64_TO_32_BIT_CONVERSION = YES;
				GCC_WARN_ABOUT_RETURN_TYPE = YES_ERROR;
				GCC_WARN_UNDECLARED_SELECTOR = YES;
				GCC_WARN_UNINITIALIZED_AUTOS = YES_AGGRESSIVE;
				GCC_WARN_UNUSED_FUNCTION = YES;
				GCC_WARN_UNUSED_VARIABLE = YES;
				IPHONEOS_DEPLOYMENT_TARGET = 9.3;
				MTL_ENABLE_DEBUG_INFO = NO;
				SDKROOT = iphoneos;
				VALIDATE_PRODUCT = YES;
			};
			name = Release;
		};
		670183491D4C31E6009AF880 /* Debug */ = {
			isa = XCBuildConfiguration;
			buildSettings = {
				ASSETCATALOG_COMPILER_APPICON_NAME = AppIcon;
				INFOPLIST_FILE = "auto-layout-constraints/Info.plist";
				LD_RUNPATH_SEARCH_PATHS = "$(inherited) @executable_path/Frameworks";
				PRODUCT_BUNDLE_IDENTIFIER = "com.auto-layout-constraints";
				PRODUCT_NAME = "$(TARGET_NAME)";
			};
			name = Debug;
		};
		6701834A1D4C31E6009AF880 /* Release */ = {
			isa = XCBuildConfiguration;
			buildSettings = {
				ASSETCATALOG_COMPILER_APPICON_NAME = AppIcon;
				INFOPLIST_FILE = "auto-layout-constraints/Info.plist";
				LD_RUNPATH_SEARCH_PATHS = "$(inherited) @executable_path/Frameworks";
				PRODUCT_BUNDLE_IDENTIFIER = "com.auto-layout-constraints";
				PRODUCT_NAME = "$(TARGET_NAME)";
			};
			name = Release;
		};
/* End XCBuildConfiguration section */

/* Begin XCConfigurationList section */
		670183311D4C31E6009AF880 /* Build configuration list for PBXProject "auto-layout-constraints" */ = {
			isa = XCConfigurationList;
			buildConfigurations = (
				670183461D4C31E6009AF880 /* Debug */,
				670183471D4C31E6009AF880 /* Release */,
			);
			defaultConfigurationIsVisible = 0;
			defaultConfigurationName = Release;
		};
		670183481D4C31E6009AF880 /* Build configuration list for PBXNativeTarget "auto-layout-constraints" */ = {
			isa = XCConfigurationList;
			buildConfigurations = (
				670183491D4C31E6009AF880 /* Debug */,
				6701834A1D4C31E6009AF880 /* Release */,
			);
			defaultConfigurationIsVisible = 0;
		};
/* End XCConfigurationList section */
	};
	rootObject = 6701832E1D4C31E6009AF880 /* Project object */;
}
